lockfileVersion: 5.4

specifiers:
  aptos: ../../
  dotenv: 16.0.2

dependencies:
  aptos: link:../..
  dotenv: 16.0.2

packages:

  /dotenv/16.0.2:
    resolution: {integrity: sha512-JvpYKUmzQhYoIFgK2MOnF3bciIZoItIIoryihy0rIA+H4Jy0FmgyKYAHCTN98P5ybGSJcIFbh6QKeJdtZd1qhA==}
    engines: {node: '>=12'}
    dev: false
